<?xml version="1.0" encoding="utf-8"?>
<Project ToolsVersion="4.0" xmlns="http://schemas.microsoft.com/developer/msbuild/2003">
  <ItemGroup>
    <Filter Include="Source Files">
      <UniqueIdentifier>{4FC737F1-C7A5-4376-A066-2A32D752A2FF}</UniqueIdentifier>
      <Extensions>cpp;c;cc;cxx;def;odl;idl;hpj;bat;asm;asmx</Extensions>
    </Filter>
    <Filter Include="Header Files">
      <UniqueIdentifier>{93995380-89BD-4b04-88EB-625FBE52EBFB}</UniqueIdentifier>
      <Extensions>h;hh;hpp;hxx;hm;inl;inc;xsd</Extensions>
    </Filter>
    <Filter Include="Resource Files">
      <UniqueIdentifier>{67DA6AB6-F800-4c08-8B7A-83BB121AAD01}</UniqueIdentifier>
      <Extensions>rc;ico;cur;bmp;dlg;rc2;rct;bin;rgs;gif;jpg;jpeg;jpe;resx;tiff;tif;png;wav</Extensions>
    </Filter>
  </ItemGroup>
  <ItemGroup>
    <ClCompile Include="cmake-build-debug\cmakefiles\feature_tests.cxx">
      <Filter>Source Files</Filter>
    </ClCompile>
    <ClCompile Include="cmake-build-debug\cmakefiles\feature_tests.c">
      <Filter>Source Files</Filter>
    </ClCompile>
    <ClCompile Include="cmake-build-debug\cmakefiles\3.7.2\compileridc\CMakeCCompilerId.c">
      <Filter>Source Files</Filter>
    </ClCompile>
    <ClCompile Include="cmake-build-debug\cmakefiles\3.7.2\compileridcxx\CMakeCXXCompilerId.cpp">
      <Filter>Source Files</Filter>
    </ClCompile>
    <ClCompile Include="dev\dev.c">
      <Filter>Source Files</Filter>
    </ClCompile>
    <ClCompile Include="fs\cache.c">
      <Filter>Source Files</Filter>
    </ClCompile>
    <ClCompile Include="fs\close.c">
      <Filter>Source Files</Filter>
    </ClCompile>
    <ClCompile Include="fs\dev.c">
      <Filter>Source Files</Filter>
    </ClCompile>
    <ClCompile Include="fs\filp.c">
      <Filter>Source Files</Filter>
    </ClCompile>
    <ClCompile Include="fs\fs_main.c">
      <Filter>Source Files</Filter>
    </ClCompile>
    <ClCompile Include="fs\inode.c">
      <Filter>Source Files</Filter>
    </ClCompile>
    <ClCompile Include="fs\makefs.c">
      <Filter>Source Files</Filter>
    </ClCompile>
    <ClCompile Include="fs\open.c">
      <Filter>Source Files</Filter>
    </ClCompile>
    <ClCompile Include="fs\path.c">
      <Filter>Source Files</Filter>
    </ClCompile>
    <ClCompile Include="fs\read_write.c">
      <Filter>Source Files</Filter>
    </ClCompile>
    <ClCompile Include="fs\string.c">
      <Filter>Source Files</Filter>
    </ClCompile>
    <ClCompile Include="fs\util.c">
      <Filter>Source Files</Filter>
    </ClCompile>
    <ClCompile Include="fs\cmake-build-debug\cmakefiles\feature_tests.cxx">
      <Filter>Source Files</Filter>
    </ClCompile>
    <ClCompile Include="fs\cmake-build-debug\cmakefiles\feature_tests.c">
      <Filter>Source Files</Filter>
    </ClCompile>
    <ClCompile Include="fs\cmake-build-debug\cmakefiles\3.7.2\compileridc\CMakeCCompilerId.c">
      <Filter>Source Files</Filter>
    </ClCompile>
    <ClCompile Include="fs\cmake-build-debug\cmakefiles\3.7.2\compileridcxx\CMakeCXXCompilerId.cpp">
      <Filter>Source Files</Filter>
    </ClCompile>
    <ClCompile Include="include\init.c">
      <Filter>Source Files</Filter>
    </ClCompile>
    <ClCompile Include="include\shell.c">
      <Filter>Source Files</Filter>
    </ClCompile>
    <ClCompile Include="init\init.c">
      <Filter>Source Files</Filter>
    </ClCompile>
    <ClCompile Include="kernel\clock.c">
      <Filter>Source Files</Filter>
    </ClCompile>
    <ClCompile Include="kernel\exception.c">
      <Filter>Source Files</Filter>
    </ClCompile>
    <ClCompile Include="kernel\idle.c">
      <Filter>Source Files</Filter>
    </ClCompile>
    <ClCompile Include="kernel\main.c">
      <Filter>Source Files</Filter>
    </ClCompile>
    <ClCompile Include="kernel\proc.c">
      <Filter>Source Files</Filter>
    </ClCompile>
    <ClCompile Include="kernel\sched.c">
      <Filter>Source Files</Filter>
    </ClCompile>
    <ClCompile Include="kernel\signal.c">
      <Filter>Source Files</Filter>
    </ClCompile>
    <ClCompile Include="kernel\system.c">
      <Filter>Source Files</Filter>
    </ClCompile>
    <ClCompile Include="kernel\table.c">
      <Filter>Source Files</Filter>
    </ClCompile>
    <ClCompile Include="kernel\wini_ipc.c">
      <Filter>Source Files</Filter>
    </ClCompile>
    <ClCompile Include="kernel\system\do_alarm.c">
      <Filter>Source Files</Filter>
    </ClCompile>
    <ClCompile Include="kernel\system\do_brk.c">
      <Filter>Source Files</Filter>
    </ClCompile>
    <ClCompile Include="kernel\system\do_execve.c">
      <Filter>Source Files</Filter>
    </ClCompile>
    <ClCompile Include="kernel\system\do_exit_wait.c">
      <Filter>Source Files</Filter>
    </ClCompile>
    <ClCompile Include="kernel\system\do_fork.c">
      <Filter>Source Files</Filter>
    </ClCompile>
    <ClCompile Include="kernel\system\do_getc.c">
      <Filter>Source Files</Filter>
    </ClCompile>
    <ClCompile Include="kernel\system\do_getpgid.c">
      <Filter>Source Files</Filter>
    </ClCompile>
    <ClCompile Include="kernel\system\do_getpid.c">
      <Filter>Source Files</Filter>
    </ClCompile>
    <ClCompile Include="kernel\system\do_kill.c">
      <Filter>Source Files</Filter>
    </ClCompile>
    <ClCompile Include="kernel\system\do_printf.c">
      <Filter>Source Files</Filter>
    </ClCompile>
    <ClCompile Include="kernel\system\do_setpgid.c">
      <Filter>Source Files</Filter>
    </ClCompile>
    <ClCompile Include="kernel\system\do_sigaction.c">
      <Filter>Source Files</Filter>
    </ClCompile>
    <ClCompile Include="kernel\system\do_sigpending.c">
      <Filter>Source Files</Filter>
    </ClCompile>
    <ClCompile Include="kernel\system\do_sigprocmask.c">
      <Filter>Source Files</Filter>
    </ClCompile>
    <ClCompile Include="kernel\system\do_sigreturn.c">
      <Filter>Source Files</Filter>
    </ClCompile>
    <ClCompile Include="kernel\system\do_sigsuspend.c">
      <Filter>Source Files</Filter>
    </ClCompile>
    <ClCompile Include="kernel\system\do_sysconf.c">
      <Filter>Source Files</Filter>
    </ClCompile>
    <ClCompile Include="kernel\system\do_times.c">
      <Filter>Source Files</Filter>
    </ClCompile>
    <ClCompile Include="kernel\system\do_vfork.c">
      <Filter>Source Files</Filter>
    </ClCompile>
    <ClCompile Include="kernel\system\do_waitpid.c">
      <Filter>Source Files</Filter>
    </ClCompile>
    <ClCompile Include="kernel\system\do_winfo.c">
      <Filter>Source Files</Filter>
    </ClCompile>
    <ClCompile Include="lib\ansi\abort.c">
      <Filter>Source Files</Filter>
    </ClCompile>
    <ClCompile Include="lib\ansi\env.c">
      <Filter>Source Files</Filter>
    </ClCompile>
    <ClCompile Include="lib\ansi\getenv.c">
      <Filter>Source Files</Filter>
    </ClCompile>
    <ClCompile Include="lib\ansi\putenv.c">
      <Filter>Source Files</Filter>
    </ClCompile>
    <ClCompile Include="lib\ansi\raise.c">
      <Filter>Source Files</Filter>
    </ClCompile>
    <ClCompile Include="lib\ansi\rand.c">
      <Filter>Source Files</Filter>
    </ClCompile>
    <ClCompile Include="lib\ansi\setenv.c">
      <Filter>Source Files</Filter>
    </ClCompile>
    <ClCompile Include="lib\ansi\string.c">
      <Filter>Source Files</Filter>
    </ClCompile>
    <ClCompile Include="lib\gen\makecontext.c">
      <Filter>Source Files</Filter>
    </ClCompile>
    <ClCompile Include="lib\posix\_sigset.c">
      <Filter>Source Files</Filter>
    </ClCompile>
    <ClCompile Include="lib\stdio\errlist.c">
      <Filter>Source Files</Filter>
    </ClCompile>
    <ClCompile Include="lib\stdio\stdio.c">
      <Filter>Source Files</Filter>
    </ClCompile>
    <ClCompile Include="lib\stdlib\atoi.c">
      <Filter>Source Files</Filter>
    </ClCompile>
    <ClCompile Include="lib\stdlib\stdlib.c">
      <Filter>Source Files</Filter>
    </ClCompile>
    <ClCompile Include="lib\syscall\alarm.c">
      <Filter>Source Files</Filter>
    </ClCompile>
    <ClCompile Include="lib\syscall\brk_sbrk.c">
      <Filter>Source Files</Filter>
    </ClCompile>
    <ClCompile Include="lib\syscall\errno.c">
      <Filter>Source Files</Filter>
    </ClCompile>
    <ClCompile Include="lib\syscall\execve.c">
      <Filter>Source Files</Filter>
    </ClCompile>
    <ClCompile Include="lib\syscall\fork.c">
      <Filter>Source Files</Filter>
    </ClCompile>
    <ClCompile Include="lib\syscall\getchar.c">
      <Filter>Source Files</Filter>
    </ClCompile>
    <ClCompile Include="lib\syscall\getpgid.c">
      <Filter>Source Files</Filter>
    </ClCompile>
    <ClCompile Include="lib\syscall\getpid.c">
      <Filter>Source Files</Filter>
    </ClCompile>
    <ClCompile Include="lib\syscall\ipc.c">
      <Filter>Source Files</Filter>
    </ClCompile>
    <ClCompile Include="lib\syscall\kill.c">
      <Filter>Source Files</Filter>
    </ClCompile>
    <ClCompile Include="lib\syscall\printf.c">
      <Filter>Source Files</Filter>
    </ClCompile>
    <ClCompile Include="lib\syscall\setpgid.c">
      <Filter>Source Files</Filter>
    </ClCompile>
    <ClCompile Include="lib\syscall\sigaction.c">
      <Filter>Source Files</Filter>
    </ClCompile>
    <ClCompile Include="lib\syscall\sigpending.c">
      <Filter>Source Files</Filter>
    </ClCompile>
    <ClCompile Include="lib\syscall\sigprocmask.c">
      <Filter>Source Files</Filter>
    </ClCompile>
    <ClCompile Include="lib\syscall\sigsuspend.c">
      <Filter>Source Files</Filter>
    </ClCompile>
    <ClCompile Include="lib\syscall\sysconf.c">
      <Filter>Source Files</Filter>
    </ClCompile>
    <ClCompile Include="lib\syscall\sys_winfo.c">
      <Filter>Source Files</Filter>
    </ClCompile>
    <ClCompile Include="lib\syscall\times.c">
      <Filter>Source Files</Filter>
    </ClCompile>
    <ClCompile Include="lib\syscall\wait.c">
      <Filter>Source Files</Filter>
    </ClCompile>
    <ClCompile Include="lib\syscall\_exit.c">
      <Filter>Source Files</Filter>
    </ClCompile>
    <ClCompile Include="lib\syscall\_syscall.c">
      <Filter>Source Files</Filter>
    </ClCompile>
    <ClCompile Include="lib\util\util.c">
      <Filter>Source Files</Filter>
    </ClCompile>
    <ClCompile Include="tools\gen_bin_code.c">
      <Filter>Source Files</Filter>
    </ClCompile>
    <ClCompile Include="user\foo.c">
      <Filter>Source Files</Filter>
    </ClCompile>
    <ClCompile Include="user\parallel_task.c">
      <Filter>Source Files</Filter>
    </ClCompile>
    <ClCompile Include="user\rock.c">
      <Filter>Source Files</Filter>
    </ClCompile>
    <ClCompile Include="user\shell\parse.c">
      <Filter>Source Files</Filter>
    </ClCompile>
    <ClCompile Include="user\shell\shell.c">
      <Filter>Source Files</Filter>
    </ClCompile>
    <ClCompile Include="user\shell\shell_test.c">
      <Filter>Source Files</Filter>
    </ClCompile>
    <ClCompile Include="winix\bbexit.c">
      <Filter>Source Files</Filter>
    </ClCompile>
    <ClCompile Include="winix\bitmap.c">
      <Filter>Source Files</Filter>
    </ClCompile>
    <ClCompile Include="winix\kdebug.c">
      <Filter>Source Files</Filter>
    </ClCompile>
    <ClCompile Include="winix\list.c">
      <Filter>Source Files</Filter>
    </ClCompile>
    <ClCompile Include="winix\mem_alloc.c">
      <Filter>Source Files</Filter>
    </ClCompile>
    <ClCompile Include="winix\mm.c">
      <Filter>Source Files</Filter>
    </ClCompile>
    <ClCompile Include="winix\srec.c">
      <Filter>Source Files</Filter>
    </ClCompile>
    <ClCompile Include="winix\sys_stdio.c">
      <Filter>Source Files</Filter>
    </ClCompile>
    <ClCompile Include="winix\timer.c">
      <Filter>Source Files</Filter>
    </ClCompile>
    <ClCompile Include="winix\util.c">
      <Filter>Source Files</Filter>
    </ClCompile>
  </ItemGroup>
  <ItemGroup>
    <ClInclude Include="dev\dev.h">
      <Filter>Header Files</Filter>
    </ClInclude>
    <ClInclude Include="fs\fs.h">
      <Filter>Header Files</Filter>
    </ClInclude>
    <ClInclude Include="include\const.h">
      <Filter>Header Files</Filter>
    </ClInclude>
    <ClInclude Include="include\ctype.h">
      <Filter>Header Files</Filter>
    </ClInclude>
    <ClInclude Include="include\curses.h">
      <Filter>Header Files</Filter>
    </ClInclude>
    <ClInclude Include="include\debug.h">
      <Filter>Header Files</Filter>
    </ClInclude>
    <ClInclude Include="include\errno.h">
      <Filter>Header Files</Filter>
    </ClInclude>
    <ClInclude Include="include\lib.h">
      <Filter>Header Files</Filter>
    </ClInclude>
    <ClInclude Include="include\signal.h">
      <Filter>Header Files</Filter>
    </ClInclude>
    <ClInclude Include="include\stdbool.h">
      <Filter>Header Files</Filter>
    </ClInclude>
    <ClInclude Include="include\stddef.h">
      <Filter>Header Files</Filter>
    </ClInclude>
    <ClInclude Include="include\stdio.h">
      <Filter>Header Files</Filter>
    </ClInclude>
    <ClInclude Include="include\stdlib.h">
      <Filter>Header Files</Filter>
    </ClInclude>
    <ClInclude Include="include\string.h">
      <Filter>Header Files</Filter>
    </ClInclude>
    <ClInclude Include="include\ucontext.h">
      <Filter>Header Files</Filter>
    </ClInclude>
    <ClInclude Include="include\unistd.h">
      <Filter>Header Files</Filter>
    </ClInclude>
    <ClInclude Include="include\util.h">
      <Filter>Header Files</Filter>
    </ClInclude>
    <ClInclude Include="include\fs\cache.h">
      <Filter>Header Files</Filter>
    </ClInclude>
    <ClInclude Include="include\fs\close.h">
      <Filter>Header Files</Filter>
    </ClInclude>
    <ClInclude Include="include\fs\const.h">
      <Filter>Header Files</Filter>
    </ClInclude>
    <ClInclude Include="include\fs\dev.h">
      <Filter>Header Files</Filter>
    </ClInclude>
    <ClInclude Include="include\fs\file.h">
      <Filter>Header Files</Filter>
    </ClInclude>
    <ClInclude Include="include\fs\filp.h">
      <Filter>Header Files</Filter>
    </ClInclude>
    <ClInclude Include="include\fs\inode.h">
      <Filter>Header Files</Filter>
    </ClInclude>
    <ClInclude Include="include\fs\makefs.h">
      <Filter>Header Files</Filter>
    </ClInclude>
    <ClInclude Include="include\fs\open.h">
      <Filter>Header Files</Filter>
    </ClInclude>
    <ClInclude Include="include\fs\path.h">
      <Filter>Header Files</Filter>
    </ClInclude>
    <ClInclude Include="include\fs\read.h">
      <Filter>Header Files</Filter>
    </ClInclude>
    <ClInclude Include="include\fs\resource.h">
      <Filter>Header Files</Filter>
    </ClInclude>
    <ClInclude Include="include\fs\string.h">
      <Filter>Header Files</Filter>
    </ClInclude>
    <ClInclude Include="include\fs\super.h">
      <Filter>Header Files</Filter>
    </ClInclude>
    <ClInclude Include="include\kernel\clock.h">
      <Filter>Header Files</Filter>
    </ClInclude>
    <ClInclude Include="include\kernel\exception.h">
      <Filter>Header Files</Filter>
    </ClInclude>
    <ClInclude Include="include\kernel\idle.h">
      <Filter>Header Files</Filter>
    </ClInclude>
    <ClInclude Include="include\kernel\kernel.h">
      <Filter>Header Files</Filter>
    </ClInclude>
    <ClInclude Include="include\kernel\proc.h">
      <Filter>Header Files</Filter>
    </ClInclude>
    <ClInclude Include="include\kernel\sched.h">
      <Filter>Header Files</Filter>
    </ClInclude>
    <ClInclude Include="include\kernel\system.h">
      <Filter>Header Files</Filter>
    </ClInclude>
    <ClInclude Include="include\kernel\table.h">
      <Filter>Header Files</Filter>
    </ClInclude>
    <ClInclude Include="include\sys\direct.h">
      <Filter>Header Files</Filter>
    </ClInclude>
    <ClInclude Include="include\sys\ipc.h">
      <Filter>Header Files</Filter>
    </ClInclude>
    <ClInclude Include="include\sys\stat.h">
      <Filter>Header Files</Filter>
    </ClInclude>
    <ClInclude Include="include\sys\syscall.h">
      <Filter>Header Files</Filter>
    </ClInclude>
    <ClInclude Include="include\sys\times.h">
      <Filter>Header Files</Filter>
    </ClInclude>
    <ClInclude Include="include\sys\types.h">
      <Filter>Header Files</Filter>
    </ClInclude>
    <ClInclude Include="include\sys\ucontext.h">
      <Filter>Header Files</Filter>
    </ClInclude>
    <ClInclude Include="include\sys\unistd.h">
      <Filter>Header Files</Filter>
    </ClInclude>
    <ClInclude Include="include\sys\wait.h">
      <Filter>Header Files</Filter>
    </ClInclude>
    <ClInclude Include="include\winix\bitmap.h">
      <Filter>Header Files</Filter>
    </ClInclude>
    <ClInclude Include="include\winix\comm.h">
      <Filter>Header Files</Filter>
    </ClInclude>
    <ClInclude Include="include\winix\compiler.h">
      <Filter>Header Files</Filter>
    </ClInclude>
    <ClInclude Include="include\winix\exec.h">
      <Filter>Header Files</Filter>
    </ClInclude>
    <ClInclude Include="include\winix\gfp.h">
      <Filter>Header Files</Filter>
    </ClInclude>
    <ClInclude Include="include\winix\kdebug.h">
      <Filter>Header Files</Filter>
    </ClInclude>
    <ClInclude Include="include\winix\kwramp.h">
      <Filter>Header Files</Filter>
    </ClInclude>
    <ClInclude Include="include\winix\list.h">
      <Filter>Header Files</Filter>
    </ClInclude>
    <ClInclude Include="include\winix\list_linux.h">
      <Filter>Header Files</Filter>
    </ClInclude>
    <ClInclude Include="include\winix\mem_alloc.h">
      <Filter>Header Files</Filter>
    </ClInclude>
    <ClInclude Include="include\winix\mm.h">
      <Filter>Header Files</Filter>
    </ClInclude>
    <ClInclude Include="include\winix\page.h">
      <Filter>Header Files</Filter>
    </ClInclude>
    <ClInclude Include="include\winix\rex.h">
      <Filter>Header Files</Filter>
    </ClInclude>
    <ClInclude Include="include\winix\sigsend.h">
      <Filter>Header Files</Filter>
    </ClInclude>
    <ClInclude Include="include\winix\slab.h">
      <Filter>Header Files</Filter>
    </ClInclude>
    <ClInclude Include="include\winix\sort.h">
      <Filter>Header Files</Filter>
    </ClInclude>
    <ClInclude Include="include\winix\srec.h">
      <Filter>Header Files</Filter>
    </ClInclude>
    <ClInclude Include="include\winix\syscall_ctx.h">
      <Filter>Header Files</Filter>
    </ClInclude>
    <ClInclude Include="include\winix\sys_stdio.h">
      <Filter>Header Files</Filter>
    </ClInclude>
    <ClInclude Include="include\winix\timer.h">
      <Filter>Header Files</Filter>
    </ClInclude>
    <ClInclude Include="include\winix\type.h">
      <Filter>Header Files</Filter>
    </ClInclude>
    <ClInclude Include="include\winix\wini_ipc.h">
      <Filter>Header Files</Filter>
    </ClInclude>
    <ClInclude Include="user\shell\parse.h">
      <Filter>Header Files</Filter>
    </ClInclude>
    <ClInclude Include="user\shell\shell.h">
      <Filter>Header Files</Filter>
    </ClInclude>
  </ItemGroup>
  <ItemGroup>
    <None Include="cmake-build-debug\cmakefiles\feature_tests.bin">
      <Filter>Resource Files</Filter>
    </None>
    <None Include="cmake-build-debug\cmakefiles\3.7.2\CMakeDetermineCompilerABI_C.bin">
      <Filter>Resource Files</Filter>
    </None>
    <None Include="cmake-build-debug\cmakefiles\3.7.2\CMakeDetermineCompilerABI_CXX.bin">
      <Filter>Resource Files</Filter>
    </None>
    <None Include="fs\cmake-build-debug\cmakefiles\feature_tests.bin">
      <Filter>Resource Files</Filter>
    </None>
    <None Include="fs\cmake-build-debug\cmakefiles\3.7.2\CMakeDetermineCompilerABI_C.bin">
      <Filter>Resource Files</Filter>
    </None>
    <None Include="fs\cmake-build-debug\cmakefiles\3.7.2\CMakeDetermineCompilerABI_CXX.bin">
      <Filter>Resource Files</Filter>
    </None>
    <None Include="tools\Kbuild.include" />
    <None Include="ClassDiagram.cd" />
  </ItemGroup>
  <ItemGroup>
    <ResourceCompile Include="fs\fs-project.rc">
      <Filter>Resource Files</Filter>
    </ResourceCompile>
  </ItemGroup>
</Project>